
Microsoft Visual Studio Solution File, Format Version 12.00
# Visual Studio Version 17
VisualStudioVersion = 17.14.36127.28 d17.14
MinimumVisualStudioVersion = 10.0.40219.1
Project("{FAE04EC0-301F-11D3-BF4B-00C04F79EFBC}") = "CSharpCodingChallenge", "CSharpCodingChallenge\CSharpCodingChallenge.csproj", "{D27CFD7C-2863-4159-B366-79BCAB4DBA9E}"
EndProject
Project("{FAE04EC0-301F-11D3-BF4B-00C04F79EFBC}") = "CSharpCodingChallenge.Tests", "CSharpCodingChallenge.Tests\CSharpCodingChallenge.Tests.csproj", "{D2003A51-B151-43C1-BA5E-F18ADF8ACE0D}"
EndProject
Global
	GlobalSection(SolutionConfigurationPlatforms) = preSolution
		Debug|Any CPU = Debug|Any CPU
		Release|Any CPU = Release|Any CPU
	EndGlobalSection
	GlobalSection(ProjectConfigurationPlatforms) = postSolution
		{D27CFD7C-2863-4159-B366-79BCAB4DBA9E}.Debug|Any CPU.ActiveCfg = Debug|Any CPU
		{D27CFD7C-2863-4159-B366-79BCAB4DBA9E}.Debug|Any CPU.Build.0 = Debug|Any CPU
		{D27CFD7C-2863-4159-B366-79BCAB4DBA9E}.Release|Any CPU.ActiveCfg = Release|Any CPU
		{D27CFD7C-2863-4159-B366-79BCAB4DBA9E}.Release|Any CPU.Build.0 = Release|Any CPU
		{D2003A51-B151-43C1-BA5E-F18ADF8ACE0D}.Debug|Any CPU.ActiveCfg = Debug|Any CPU
		{D2003A51-B151-43C1-BA5E-F18ADF8ACE0D}.Debug|Any CPU.Build.0 = Debug|Any CPU
		{D2003A51-B151-43C1-BA5E-F18ADF8ACE0D}.Release|Any CPU.ActiveCfg = Release|Any CPU
		{D2003A51-B151-43C1-BA5E-F18ADF8ACE0D}.Release|Any CPU.Build.0 = Release|Any CPU
	EndGlobalSection
	GlobalSection(SolutionProperties) = preSolution
		HideSolutionNode = FALSE
	EndGlobalSection
	GlobalSection(ExtensibilityGlobals) = postSolution
		SolutionGuid = {21C9735F-7383-4EE5-9CE7-A3E12108B915}
	EndGlobalSection
EndGlobal
